
Microsoft Visual Studio Solution File, Format Version 12.00
# Visual Studio Version 17
VisualStudioVersion = 17.1.32210.238
MinimumVisualStudioVersion = 10.0.40219.1
Project("{FAE04EC0-301F-11D3-BF4B-00C04F79EFBC}") = "Reto", "Reto\Reto.csproj", "{5370E6FD-5135-48F5-AE3D-43A5E3B6AE69}"
EndProject
Global
	GlobalSection(SolutionConfigurationPlatforms) = preSolution
		Debug|Any CPU = Debug|Any CPU
		Release|Any CPU = Release|Any CPU
	EndGlobalSection
	GlobalSection(ProjectConfigurationPlatforms) = postSolution
		{5370E6FD-5135-48F5-AE3D-43A5E3B6AE69}.Debug|Any CPU.ActiveCfg = Debug|Any CPU
		{5370E6FD-5135-48F5-AE3D-43A5E3B6AE69}.Debug|Any CPU.Build.0 = Debug|Any CPU
		{5370E6FD-5135-48F5-AE3D-43A5E3B6AE69}.Release|Any CPU.ActiveCfg = Release|Any CPU
		{5370E6FD-5135-48F5-AE3D-43A5E3B6AE69}.Release|Any CPU.Build.0 = Release|Any CPU
	EndGlobalSection
	GlobalSection(SolutionProperties) = preSolution
		HideSolutionNode = FALSE
	EndGlobalSection
	GlobalSection(ExtensibilityGlobals) = postSolution
		SolutionGuid = {B86A135D-3633-4FDF-B3EF-A8730640B6B8}
	EndGlobalSection
EndGlobal
